// !$*UTF8*$!
{
	archiveVersion = 1;
	classes = {
	};
	objectVersion = 46;
	objects = {

/* Begin PBXBuildFile section */
		6BC2044A1C12C8CF009F8567 /* AppDelegate.swift in Sources */ = {isa = PBXBuildFile; fileRef = 6BC204491C12C8CF009F8567 /* AppDelegate.swift */; };
		6BC2044C1C12C8CF009F8567 /* ViewController.swift in Sources */ = {isa = PBXBuildFile; fileRef = 6BC2044B1C12C8CF009F8567 /* ViewController.swift */; };
		6BC2044F1C12C8CF009F8567 /* Main.storyboard in Resources */ = {isa = PBXBuildFile; fileRef = 6BC2044D1C12C8CF009F8567 /* Main.storyboard */; };
		6BC204511C12C8CF009F8567 /* Assets.xcassets in Resources */ = {isa = PBXBuildFile; fileRef = 6BC204501C12C8CF009F8567 /* Assets.xcassets */; };
		6BC204541C12C8CF009F8567 /* LaunchScreen.storyboard in Resources */ = {isa = PBXBuildFile; fileRef = 6BC204521C12C8CF009F8567 /* LaunchScreen.storyboard */; };
		6BC2045F1C12C8CF009F8567 /* ImageEditorTests.swift in Sources */ = {isa = PBXBuildFile; fileRef = 6BC2045E1C12C8CF009F8567 /* ImageEditorTests.swift */; };
		6BC2046A1C12C8CF009F8567 /* ImageEditorUITests.swift in Sources */ = {isa = PBXBuildFile; fileRef = 6BC204691C12C8CF009F8567 /* ImageEditorUITests.swift */; };
		F4AB113382395373E5CB0AEB /* Pods.framework in Frameworks */ = {isa = PBXBuildFile; fileRef = 9A03DF146FD89514E5CCC16E /* Pods.framework */; };
/* End PBXBuildFile section */

/* Begin PBXContainerItemProxy section */
		6BC2045B1C12C8CF009F8567 /* PBXContainerItemProxy */ = {
			isa = PBXContainerItemProxy;
			containerPortal = 6BC2043E1C12C8CF009F8567 /* Project object */;
			proxyType = 1;
			remoteGlobalIDString = 6BC204451C12C8CF009F8567;
			remoteInfo = ImageEditor;
		};
		6BC204661C12C8CF009F8567 /* PBXContainerItemProxy */ = {
			isa = PBXContainerItemProxy;
			containerPortal = 6BC2043E1C12C8CF009F8567 /* Project object */;
			proxyType = 1;
			remoteGlobalIDString = 6BC204451C12C8CF009F8567;
			remoteInfo = ImageEditor;
		};
/* End PBXContainerItemProxy section */

/* Begin PBXFileReference section */
		6BC204461C12C8CF009F8567 /* ImageEditor.app */ = {isa = PBXFileReference; explicitFileType = wrapper.application; includeInIndex = 0; path = ImageEditor.app; sourceTree = BUILT_PRODUCTS_DIR; };
		6BC204491C12C8CF009F8567 /* AppDelegate.swift */ = {isa = PBXFileReference; lastKnownFileType = sourcecode.swift; path = AppDelegate.swift; sourceTree = "<group>"; };
		6BC2044B1C12C8CF009F8567 /* ViewController.swift */ = {isa = PBXFileReference; lastKnownFileType = sourcecode.swift; path = ViewController.swift; sourceTree = "<group>"; };
		6BC2044E1C12C8CF009F8567 /* Base */ = {isa = PBXFileReference; lastKnownFileType = file.storyboard; name = Base; path = Base.lproj/Main.storyboard; sourceTree = "<group>"; };
		6BC204501C12C8CF009F8567 /* Assets.xcassets */ = {isa = PBXFileReference; lastKnownFileType = folder.assetcatalog; path = Assets.xcassets; sourceTree = "<group>"; };
		6BC204531C12C8CF009F8567 /* Base */ = {isa = PBXFileReference; lastKnownFileType = file.storyboard; name = Base; path = Base.lproj/LaunchScreen.storyboard; sourceTree = "<group>"; };
		6BC204551C12C8CF009F8567 /* Info.plist */ = {isa = PBXFileReference; lastKnownFileType = text.plist.xml; path = Info.plist; sourceTree = "<group>"; };
		6BC2045A1C12C8CF009F8567 /* ImageEditorTests.xctest */ = {isa = PBXFileReference; explicitFileType = wrapper.cfbundle; includeInIndex = 0; path = ImageEditorTests.xctest; sourceTree = BUILT_PRODUCTS_DIR; };
		6BC2045E1C12C8CF009F8567 /* ImageEditorTests.swift */ = {isa = PBXFileReference; lastKnownFileType = sourcecode.swift; path = ImageEditorTests.swift; sourceTree = "<group>"; };
		6BC204601C12C8CF009F8567 /* Info.plist */ = {isa = PBXFileReference; lastKnownFileType = text.plist.xml; path = Info.plist; sourceTree = "<group>"; };
		6BC204651C12C8CF009F8567 /* ImageEditorUITests.xctest */ = {isa = PBXFileReference; explicitFileType = wrapper.cfbundle; includeInIndex = 0; path = ImageEditorUITests.xctest; sourceTree = BUILT_PRODUCTS_DIR; };
		6BC204691C12C8CF009F8567 /* ImageEditorUITests.swift */ = {isa = PBXFileReference; lastKnownFileType = sourcecode.swift; path = ImageEditorUITests.swift; sourceTree = "<group>"; };
		6BC2046B1C12C8CF009F8567 /* Info.plist */ = {isa = PBXFileReference; lastKnownFileType = text.plist.xml; path = Info.plist; sourceTree = "<group>"; };
		9A03DF146FD89514E5CCC16E /* Pods.framework */ = {isa = PBXFileReference; explicitFileType = wrapper.framework; includeInIndex = 0; path = Pods.framework; sourceTree = BUILT_PRODUCTS_DIR; };
		B56CB674D20B8151491AFE91 /* Pods.release.xcconfig */ = {isa = PBXFileReference; includeInIndex = 1; lastKnownFileType = text.xcconfig; name = Pods.release.xcconfig; path = "Pods/Target Support Files/Pods/Pods.release.xcconfig"; sourceTree = "<group>"; };
		C41A7B46C9A83EEC54E790AF /* Pods.debug.xcconfig */ = {isa = PBXFileReference; includeInIndex = 1; lastKnownFileType = text.xcconfig; name = Pods.debug.xcconfig; path = "Pods/Target Support Files/Pods/Pods.debug.xcconfig"; sourceTree = "<group>"; };
/* End PBXFileReference section */

/* Begin PBXFrameworksBuildPhase section */
		6BC204431C12C8CF009F8567 /* Frameworks */ = {
			isa = PBXFrameworksBuildPhase;
			buildActionMask = 2147483647;
			files = (
				F4AB113382395373E5CB0AEB /* Pods.framework in Frameworks */,
			);
			runOnlyForDeploymentPostprocessing = 0;
		};
		6BC204571C12C8CF009F8567 /* Frameworks */ = {
			isa = PBXFrameworksBuildPhase;
			buildActionMask = 2147483647;
			files = (
			);
			runOnlyForDeploymentPostprocessing = 0;
		};
		6BC204621C12C8CF009F8567 /* Frameworks */ = {
			isa = PBXFrameworksBuildPhase;
			buildActionMask = 2147483647;
			files = (
			);
			runOnlyForDeploymentPostprocessing = 0;
		};
/* End PBXFrameworksBuildPhase section */

/* Begin PBXGroup section */
		6BC2043D1C12C8CF009F8567 = {
			isa = PBXGroup;
			children = (
				6BC204481C12C8CF009F8567 /* ImageEditor */,
				6BC2045D1C12C8CF009F8567 /* ImageEditorTests */,
				6BC204681C12C8CF009F8567 /* ImageEditorUITests */,
				6BC204471C12C8CF009F8567 /* Products */,
				EFD72A923FE0E26E00519D03 /* Pods */,
				CCEBC8ECDE8C8DC2B7510CDE /* Frameworks */,
			);
			sourceTree = "<group>";
		};
		6BC204471C12C8CF009F8567 /* Products */ = {
			isa = PBXGroup;
			children = (
				6BC204461C12C8CF009F8567 /* ImageEditor.app */,
				6BC2045A1C12C8CF009F8567 /* ImageEditorTests.xctest */,
				6BC204651C12C8CF009F8567 /* ImageEditorUITests.xctest */,
			);
			name = Products;
			sourceTree = "<group>";
		};
		6BC204481C12C8CF009F8567 /* ImageEditor */ = {
			isa = PBXGroup;
			children = (
				6BC204491C12C8CF009F8567 /* AppDelegate.swift */,
				6BC2044B1C12C8CF009F8567 /* ViewController.swift */,
				6BC2044D1C12C8CF009F8567 /* Main.storyboard */,
				6BC204501C12C8CF009F8567 /* Assets.xcassets */,
				6BC204521C12C8CF009F8567 /* LaunchScreen.storyboard */,
				6BC204551C12C8CF009F8567 /* Info.plist */,
			);
			path = ImageEditor;
			sourceTree = "<group>";
		};
		6BC2045D1C12C8CF009F8567 /* ImageEditorTests */ = {
			isa = PBXGroup;
			children = (
				6BC2045E1C12C8CF009F8567 /* ImageEditorTests.swift */,
				6BC204601C12C8CF009F8567 /* Info.plist */,
			);
			path = ImageEditorTests;
			sourceTree = "<group>";
		};
		6BC204681C12C8CF009F8567 /* ImageEditorUITests */ = {
			isa = PBXGroup;
			children = (
				6BC204691C12C8CF009F8567 /* ImageEditorUITests.swift */,
				6BC2046B1C12C8CF009F8567 /* Info.plist */,
			);
			path = ImageEditorUITests;
			sourceTree = "<group>";
		};
		CCEBC8ECDE8C8DC2B7510CDE /* Frameworks */ = {
			isa = PBXGroup;
			children = (
				9A03DF146FD89514E5CCC16E /* Pods.framework */,
			);
			name = Frameworks;
			sourceTree = "<group>";
		};
		EFD72A923FE0E26E00519D03 /* Pods */ = {
			isa = PBXGroup;
			children = (
				C41A7B46C9A83EEC54E790AF /* Pods.debug.xcconfig */,
				B56CB674D20B8151491AFE91 /* Pods.release.xcconfig */,
			);
			name = Pods;
			sourceTree = "<group>";
		};
/* End PBXGroup section */

/* Begin PBXNativeTarget section */
		6BC204451C12C8CF009F8567 /* ImageEditor */ = {
			isa = PBXNativeTarget;
			buildConfigurationList = 6BC2046E1C12C8CF009F8567 /* Build configuration list for PBXNativeTarget "ImageEditor" */;
			buildPhases = (
				5960C33BDF8A71A4B1626340 /* Check Pods Manifest.lock */,
				6BC204421C12C8CF009F8567 /* Sources */,
				6BC204431C12C8CF009F8567 /* Frameworks */,
				6BC204441C12C8CF009F8567 /* Resources */,
				3C59AF6A159ED4A470C1182B /* Embed Pods Frameworks */,
				A656A9A9D4DFC36447255067 /* Copy Pods Resources */,
			);
			buildRules = (
			);
			dependencies = (
			);
			name = ImageEditor;
			productName = ImageEditor;
			productReference = 6BC204461C12C8CF009F8567 /* ImageEditor.app */;
			productType = "com.apple.product-type.application";
		};
		6BC204591C12C8CF009F8567 /* ImageEditorTests */ = {
			isa = PBXNativeTarget;
			buildConfigurationList = 6BC204711C12C8CF009F8567 /* Build configuration list for PBXNativeTarget "ImageEditorTests" */;
			buildPhases = (
				6BC204561C12C8CF009F8567 /* Sources */,
				6BC204571C12C8CF009F8567 /* Frameworks */,
				6BC204581C12C8CF009F8567 /* Resources */,
			);
			buildRules = (
			);
			dependencies = (
				6BC2045C1C12C8CF009F8567 /* PBXTargetDependency */,
			);
			name = ImageEditorTests;
			productName = ImageEditorTests;
			productReference = 6BC2045A1C12C8CF009F8567 /* ImageEditorTests.xctest */;
			productType = "com.apple.product-type.bundle.unit-test";
		};
		6BC204641C12C8CF009F8567 /* ImageEditorUITests */ = {
			isa = PBXNativeTarget;
			buildConfigurationList = 6BC204741C12C8CF009F8567 /* Build configuration list for PBXNativeTarget "ImageEditorUITests" */;
			buildPhases = (
				6BC204611C12C8CF009F8567 /* Sources */,
				6BC204621C12C8CF009F8567 /* Frameworks */,
				6BC204631C12C8CF009F8567 /* Resources */,
			);
			buildRules = (
			);
			dependencies = (
				6BC204671C12C8CF009F8567 /* PBXTargetDependency */,
			);
			name = ImageEditorUITests;
			productName = ImageEditorUITests;
			productReference = 6BC204651C12C8CF009F8567 /* ImageEditorUITests.xctest */;
			productType = "com.apple.product-type.bundle.ui-testing";
		};
/* End PBXNativeTarget section */

/* Begin PBXProject section */
		6BC2043E1C12C8CF009F8567 /* Project object */ = {
			isa = PBXProject;
			attributes = {
				LastSwiftUpdateCheck = 0710;
				LastUpgradeCheck = 0710;
				ORGANIZATIONNAME = Self;
				TargetAttributes = {
					6BC204451C12C8CF009F8567 = {
						CreatedOnToolsVersion = 7.1;
					};
					6BC204591C12C8CF009F8567 = {
						CreatedOnToolsVersion = 7.1;
						TestTargetID = 6BC204451C12C8CF009F8567;
					};
					6BC204641C12C8CF009F8567 = {
						CreatedOnToolsVersion = 7.1;
						TestTargetID = 6BC204451C12C8CF009F8567;
					};
				};
			};
			buildConfigurationList = 6BC204411C12C8CF009F8567 /* Build configuration list for PBXProject "ImageEditor" */;
			compatibilityVersion = "Xcode 3.2";
			developmentRegion = English;
			hasScannedForEncodings = 0;
			knownRegions = (
				en,
				Base,
			);
			mainGroup = 6BC2043D1C12C8CF009F8567;
			productRefGroup = 6BC204471C12C8CF009F8567 /* Products */;
			projectDirPath = "";
			projectRoot = "";
			targets = (
				6BC204451C12C8CF009F8567 /* ImageEditor */,
				6BC204591C12C8CF009F8567 /* ImageEditorTests */,
				6BC204641C12C8CF009F8567 /* ImageEditorUITests */,
			);
		};
/* End PBXProject section */

/* Begin PBXResourcesBuildPhase section */
		6BC204441C12C8CF009F8567 /* Resources */ = {
			isa = PBXResourcesBuildPhase;
			buildActionMask = 2147483647;
			files = (
				6BC204541C12C8CF009F8567 /* LaunchScreen.storyboard in Resources */,
				6BC204511C12C8CF009F8567 /* Assets.xcassets in Resources */,
				6BC2044F1C12C8CF009F8567 /* Main.storyboard in Resources */,
			);
			runOnlyForDeploymentPostprocessing = 0;
		};
		6BC204581C12C8CF009F8567 /* Resources */ = {
			isa = PBXResourcesBuildPhase;
			buildActionMask = 2147483647;
			files = (
			);
			runOnlyForDeploymentPostprocessing = 0;
		};
		6BC204631C12C8CF009F8567 /* Resources */ = {
			isa = PBXResourcesBuildPhase;
			buildActionMask = 2147483647;
			files = (
			);
			runOnlyForDeploymentPostprocessing = 0;
		};
/* End PBXResourcesBuildPhase section */

/* Begin PBXShellScriptBuildPhase section */
		3C59AF6A159ED4A470C1182B /* Embed Pods Frameworks */ = {
			isa = PBXShellScriptBuildPhase;
			buildActionMask = 2147483647;
			files = (
			);
			inputPaths = (
			);
			name = "Embed Pods Frameworks";
			outputPaths = (
			);
			runOnlyForDeploymentPostprocessing = 0;
			shellPath = /bin/sh;
			shellScript = "\"${SRCROOT}/Pods/Target Support Files/Pods/Pods-frameworks.sh\"\n";
			showEnvVarsInLog = 0;
		};
		5960C33BDF8A71A4B1626340 /* Check Pods Manifest.lock */ = {
			isa = PBXShellScriptBuildPhase;
			buildActionMask = 2147483647;
			files = (
			);
			inputPaths = (
			);
			name = "Check Pods Manifest.lock";
			outputPaths = (
			);
			runOnlyForDeploymentPostprocessing = 0;
			shellPath = /bin/sh;
			shellScript = "diff \"${PODS_ROOT}/../Podfile.lock\" \"${PODS_ROOT}/Manifest.lock\" > /dev/null\nif [[ $? != 0 ]] ; then\n    cat << EOM\nerror: The sandbox is not in sync with the Podfile.lock. Run 'pod install' or update your CocoaPods installation.\nEOM\n    exit 1\nfi\n";
			showEnvVarsInLog = 0;
		};
		A656A9A9D4DFC36447255067 /* Copy Pods Resources */ = {
			isa = PBXShellScriptBuildPhase;
			buildActionMask = 2147483647;
			files = (
			);
			inputPaths = (
			);
			name = "Copy Pods Resources";
			outputPaths = (
			);
			runOnlyForDeploymentPostprocessing = 0;
			shellPath = /bin/sh;
			shellScript = "\"${SRCROOT}/Pods/Target Support Files/Pods/Pods-resources.sh\"\n";
			showEnvVarsInLog = 0;
		};
/* End PBXShellScriptBuildPhase section */

/* Begin PBXSourcesBuildPhase section */
		6BC204421C12C8CF009F8567 /* Sources */ = {
			isa = PBXSourcesBuildPhase;
			buildActionMask = 2147483647;
			files = (
				6BC2044C1C12C8CF009F8567 /* ViewController.swift in Sources */,
				6BC2044A1C12C8CF009F8567 /* AppDelegate.swift in Sources */,
			);
			runOnlyForDeploymentPostprocessing = 0;
		};
		6BC204561C12C8CF009F8567 /* Sources */ = {
			isa = PBXSourcesBuildPhase;
			buildActionMask = 2147483647;
			files = (
				6BC2045F1C12C8CF009F8567 /* ImageEditorTests.swift in Sources */,
			);
			runOnlyForDeploymentPostprocessing = 0;
		};
		6BC204611C12C8CF009F8567 /* Sources */ = {
			isa = PBXSourcesBuildPhase;
			buildActionMask = 2147483647;
			files = (
				6BC2046A1C12C8CF009F8567 /* ImageEditorUITests.swift in Sources */,
			);
			runOnlyForDeploymentPostprocessing = 0;
		};
/* End PBXSourcesBuildPhase section */

/* Begin PBXTargetDependency section */
		6BC2045C1C12C8CF009F8567 /* PBXTargetDependency */ = {
			isa = PBXTargetDependency;
			target = 6BC204451C12C8CF009F8567 /* ImageEditor */;
			targetProxy = 6BC2045B1C12C8CF009F8567 /* PBXContainerItemProxy */;
		};
		6BC204671C12C8CF009F8567 /* PBXTargetDependency */ = {
			isa = PBXTargetDependency;
			target = 6BC204451C12C8CF009F8567 /* ImageEditor */;
			targetProxy = 6BC204661C12C8CF009F8567 /* PBXContainerItemProxy */;
		};
/* End PBXTargetDependency section */

/* Begin PBXVariantGroup section */
		6BC2044D1C12C8CF009F8567 /* Main.storyboard */ = {
			isa = PBXVariantGroup;
			children = (
				6BC2044E1C12C8CF009F8567 /* Base */,
			);
			name = Main.storyboard;
			sourceTree = "<group>";
		};
		6BC204521C12C8CF009F8567 /* LaunchScreen.storyboard */ = {
			isa = PBXVariantGroup;
			children = (
				6BC204531C12C8CF009F8567 /* Base */,
			);
			name = LaunchScreen.storyboard;
			sourceTree = "<group>";
		};
/* End PBXVariantGroup section */

/* Begin XCBuildConfiguration section */
		6BC2046C1C12C8CF009F8567 /* Debug */ = {
			isa = XCBuildConfiguration;
			buildSettings = {
				ALWAYS_SEARCH_USER_PATHS = NO;
				CLANG_CXX_LANGUAGE_STANDARD = "gnu++0x";
				CLANG_CXX_LIBRARY = "libc++";
				CLANG_ENABLE_MODULES = YES;
				CLANG_ENABLE_OBJC_ARC = YES;
				CLANG_WARN_BOOL_CONVERSION = YES;
				CLANG_WARN_CONSTANT_CONVERSION = YES;
				CLANG_WARN_DIRECT_OBJC_ISA_USAGE = YES_ERROR;
				CLANG_WARN_EMPTY_BODY = YES;
				CLANG_WARN_ENUM_CONVERSION = YES;
				CLANG_WARN_INT_CONVERSION = YES;
				CLANG_WARN_OBJC_ROOT_CLASS = YES_ERROR;
				CLANG_WARN_UNREACHABLE_CODE = YES;
				CLANG_WARN__DUPLICATE_METHOD_MATCH = YES;
				"CODE_SIGN_IDENTITY[sdk=iphoneos*]" = "iPhone Developer";
				COPY_PHASE_STRIP = NO;
				DEBUG_INFORMATION_FORMAT = dwarf;
				ENABLE_STRICT_OBJC_MSGSEND = YES;
				ENABLE_TESTABILITY = YES;
				GCC_C_LANGUAGE_STANDARD = gnu99;
				GCC_DYNAMIC_NO_PIC = NO;
				GCC_NO_COMMON_BLOCKS = YES;
				GCC_OPTIMIZATION_LEVEL = 0;
				GCC_PREPROCESSOR_DEFINITIONS = (
					"DEBUG=1",
					"$(inherited)",
				);
				GCC_WARN_64_TO_32_BIT_CONVERSION = YES;
				GCC_WARN_ABOUT_RETURN_TYPE = YES_ERROR;
				GCC_WARN_UNDECLARED_SELECTOR = YES;
				GCC_WARN_UNINITIALIZED_AUTOS = YES_AGGRESSIVE;
				GCC_WARN_UNUSED_FUNCTION = YES;
				GCC_WARN_UNUSED_VARIABLE = YES;
				IPHONEOS_DEPLOYMENT_TARGET = 9.1;
				MTL_ENABLE_DEBUG_INFO = YES;
				ONLY_ACTIVE_ARCH = YES;
				SDKROOT = iphoneos;
				SWIFT_OPTIMIZATION_LEVEL = "-Onone";
			};
			name = Debug;
		};
		6BC2046D1C12C8CF009F8567 /* Release */ = {
			isa = XCBuildConfiguration;
			buildSettings = {
				ALWAYS_SEARCH_USER_PATHS = NO;
				CLANG_CXX_LANGUAGE_STANDARD = "gnu++0x";
				CLANG_CXX_LIBRARY = "libc++";
				CLANG_ENABLE_MODULES = YES;
				CLANG_ENABLE_OBJC_ARC = YES;
				CLANG_WARN_BOOL_CONVERSION = YES;
				CLANG_WARN_CONSTANT_CONVERSION = YES;
				CLANG_WARN_DIRECT_OBJC_ISA_USAGE = YES_ERROR;
				CLANG_WARN_EMPTY_BODY = YES;
				CLANG_WARN_ENUM_CONVERSION = YES;
				CLANG_WARN_INT_CONVERSION = YES;
				CLANG_WARN_OBJC_ROOT_CLASS = YES_ERROR;
				CLANG_WARN_UNREACHABLE_CODE = YES;
				CLANG_WARN__DUPLICATE_METHOD_MATCH = YES;
				"CODE_SIGN_IDENTITY[sdk=iphoneos*]" = "iPhone Developer";
				COPY_PHASE_STRIP = NO;
				DEBUG_INFORMATION_FORMAT = "dwarf-with-dsym";
				ENABLE_NS_ASSERTIONS = NO;
				ENABLE_STRICT_OBJC_MSGSEND = YES;
				GCC_C_LANGUAGE_STANDARD = gnu99;
				GCC_NO_COMMON_BLOCKS = YES;
				GCC_WARN_64_TO_32_BIT_CONVERSION = YES;
				GCC_WARN_ABOUT_RETURN_TYPE = YES_ERROR;
				GCC_WARN_UNDECLARED_SELECTOR = YES;
				GCC_WARN_UNINITIALIZED_AUTOS = YES_AGGRESSIVE;
				GCC_WARN_UNUSED_FUNCTION = YES;
				GCC_WARN_UNUSED_VARIABLE = YES;
				IPHONEOS_DEPLOYMENT_TARGET = 9.1;
				MTL_ENABLE_DEBUG_INFO = NO;
				SDKROOT = iphoneos;
				VALIDATE_PRODUCT = YES;
			};
			name = Release;
		};
		6BC2046F1C12C8CF009F8567 /* Debug */ = {
			isa = XCBuildConfiguration;
			baseConfigurationReference = C41A7B46C9A83EEC54E790AF /* Pods.debug.xcconfig */;
			buildSettings = {
				ASSETCATALOG_COMPILER_APPICON_NAME = AppIcon;
				INFOPLIST_FILE = ImageEditor/Info.plist;
				IPHONEOS_DEPLOYMENT_TARGET = 8.0;
				LD_RUNPATH_SEARCH_PATHS = "$(inherited) @executable_path/Frameworks";
				PRODUCT_BUNDLE_IDENTIFIER = com.self.ImageEditor;
				PRODUCT_NAME = "$(TARGET_NAME)";
			};
			name = Debug;
		};
		6BC204701C12C8CF009F8567 /* Release */ = {
			isa = XCBuildConfiguration;
			baseConfigurationReference = B56CB674D20B8151491AFE91 /* Pods.release.xcconfig */;
			buildSettings = {
				ASSETCATALOG_COMPILER_APPICON_NAME = AppIcon;
				INFOPLIST_FILE = ImageEditor/Info.plist;
				IPHONEOS_DEPLOYMENT_TARGET = 8.0;
				LD_RUNPATH_SEARCH_PATHS = "$(inherited) @executable_path/Frameworks";
				PRODUCT_BUNDLE_IDENTIFIER = com.self.ImageEditor;
				PRODUCT_NAME = "$(TARGET_NAME)";
			};
			name = Release;
		};
		6BC204721C12C8CF009F8567 /* Debug */ = {
			isa = XCBuildConfiguration;
			buildSettings = {
				BUNDLE_LOADER = "$(TEST_HOST)";
				INFOPLIST_FILE = ImageEditorTests/Info.plist;
				LD_RUNPATH_SEARCH_PATHS = "$(inherited) @executable_path/Frameworks @loader_path/Frameworks";
				PRODUCT_BUNDLE_IDENTIFIER = com.self.ImageEditorTests;
				PRODUCT_NAME = "$(TARGET_NAME)";
				TEST_HOST = "$(BUILT_PRODUCTS_DIR)/ImageEditor.app/ImageEditor";
			};
			name = Debug;
		};
		6BC204731C12C8CF009F8567 /* Release */ = {
			isa = XCBuildConfiguration;
			buildSettings = {
				BUNDLE_LOADER = "$(TEST_HOST)";
				INFOPLIST_FILE = ImageEditorTests/Info.plist;
				LD_RUNPATH_SEARCH_PATHS = "$(inherited) @executable_path/Frameworks @loader_path/Frameworks";
				PRODUCT_BUNDLE_IDENTIFIER = com.self.ImageEditorTests;
				PRODUCT_NAME = "$(TARGET_NAME)";
				TEST_HOST = "$(BUILT_PRODUCTS_DIR)/ImageEditor.app/ImageEditor";
			};
			name = Release;
		};
		6BC204751C12C8CF009F8567 /* Debug */ = {
			isa = XCBuildConfiguration;
			buildSettings = {
				INFOPLIST_FILE = ImageEditorUITests/Info.plist;
				LD_RUNPATH_SEARCH_PATHS = "$(inherited) @executable_path/Frameworks @loader_path/Frameworks";
				PRODUCT_BUNDLE_IDENTIFIER = com.self.ImageEditorUITests;
				PRODUCT_NAME = "$(TARGET_NAME)";
				TEST_TARGET_NAME = ImageEditor;
				USES_XCTRUNNER = YES;
			};
			name = Debug;
		};
		6BC204761C12C8CF009F8567 /* Release */ = {
			isa = XCBuildConfiguration;
			buildSettings = {
				INFOPLIST_FILE = ImageEditorUITests/Info.plist;
				LD_RUNPATH_SEARCH_PATHS = "$(inherited) @executable_path/Frameworks @loader_path/Frameworks";
				PRODUCT_BUNDLE_IDENTIFIER = com.self.ImageEditorUITests;
				PRODUCT_NAME = "$(TARGET_NAME)";
				TEST_TARGET_NAME = ImageEditor;
				USES_XCTRUNNER = YES;
			};
			name = Release;
		};
/* End XCBuildConfiguration section */

/* Begin XCConfigurationList section */
		6BC204411C12C8CF009F8567 /* Build configuration list for PBXProject "ImageEditor" */ = {
			isa = XCConfigurationList;
			buildConfigurations = (
				6BC2046C1C12C8CF009F8567 /* Debug */,
				6BC2046D1C12C8CF009F8567 /* Release */,
			);
			defaultConfigurationIsVisible = 0;
			defaultConfigurationName = Release;
		};
		6BC2046E1C12C8CF009F8567 /* Build configuration list for PBXNativeTarget "ImageEditor" */ = {
			isa = XCConfigurationList;
			buildConfigurations = (
				6BC2046F1C12C8CF009F8567 /* Debug */,
				6BC204701C12C8CF009F8567 /* Release */,
			);
			defaultConfigurationIsVisible = 0;
			defaultConfigurationName = Release;
		};
		6BC204711C12C8CF009F8567 /* Build configuration list for PBXNativeTarget "ImageEditorTests" */ = {
			isa = XCConfigurationList;
			buildConfigurations = (
				6BC204721C12C8CF009F8567 /* Debug */,
				6BC204731C12C8CF009F8567 /* Release */,
			);
			defaultConfigurationIsVisible = 0;
			defaultConfigurationName = Release;
		};
		6BC204741C12C8CF009F8567 /* Build configuration list for PBXNativeTarget "ImageEditorUITests" */ = {
			isa = XCConfigurationList;
			buildConfigurations = (
				6BC204751C12C8CF009F8567 /* Debug */,
				6BC204761C12C8CF009F8567 /* Release */,
			);
			defaultConfigurationIsVisible = 0;
			defaultConfigurationName = Release;
		};
/* End XCConfigurationList section */
	};
	rootObject = 6BC2043E1C12C8CF009F8567 /* Project object */;
}
